{
  "name": "tbtc-workshop",
  "version": "1.0.0",
  "lockfileVersion": 1,
  "requires": true,
  "dependencies": {
    "@summa-tx/bitcoin-spv-sol": {
      "version": "2.1.0",
      "resolved": "https://registry.npmjs.org/@summa-tx/bitcoin-spv-sol/-/bitcoin-spv-sol-2.1.0.tgz",
      "integrity": "sha512-DCt/WO2LaScLDwJ4ItYcqXfrV7YcyDgtw+UdnpGTc4myrW3wB+jMUmz7Azjs7URo3mjgMIhIF0dKN6KMgcfPDQ=="
    }
  }
}
